
Microsoft Visual Studio Solution File, Format Version 12.00
# Visual Studio Version 16
VisualStudioVersion = 16.0.30503.244
MinimumVisualStudioVersion = 10.0.40219.1
Project("{9A19103F-16F7-4668-BE54-9A1E7A4F7556}") = "MarsRover", "MarsRover.csproj", "{7095094B-8FBF-4F73-8C31-9404F60B5232}"
EndProject
Project("{FAE04EC0-301F-11D3-BF4B-00C04F79EFBC}") = "MarsRover.Test", "..\MarsRover.Test\MarsRover.Test.csproj", "{050F070C-C68E-4C5F-9596-62DEA1EBB927}"
EndProject
Global
	GlobalSection(SolutionConfigurationPlatforms) = preSolution
		Debug|Any CPU = Debug|Any CPU
		Release|Any CPU = Release|Any CPU
	EndGlobalSection
	GlobalSection(ProjectConfigurationPlatforms) = postSolution
		{7095094B-8FBF-4F73-8C31-9404F60B5232}.Debug|Any CPU.ActiveCfg = Debug|Any CPU
		{7095094B-8FBF-4F73-8C31-9404F60B5232}.Debug|Any CPU.Build.0 = Debug|Any CPU
		{7095094B-8FBF-4F73-8C31-9404F60B5232}.Release|Any CPU.ActiveCfg = Release|Any CPU
		{7095094B-8FBF-4F73-8C31-9404F60B5232}.Release|Any CPU.Build.0 = Release|Any CPU
		{050F070C-C68E-4C5F-9596-62DEA1EBB927}.Debug|Any CPU.ActiveCfg = Debug|Any CPU
		{050F070C-C68E-4C5F-9596-62DEA1EBB927}.Debug|Any CPU.Build.0 = Debug|Any CPU
		{050F070C-C68E-4C5F-9596-62DEA1EBB927}.Release|Any CPU.ActiveCfg = Release|Any CPU
		{050F070C-C68E-4C5F-9596-62DEA1EBB927}.Release|Any CPU.Build.0 = Release|Any CPU
	EndGlobalSection
	GlobalSection(SolutionProperties) = preSolution
		HideSolutionNode = FALSE
	EndGlobalSection
	GlobalSection(ExtensibilityGlobals) = postSolution
		SolutionGuid = {BB365F9E-082A-4D91-9B55-D78657624CC4}
	EndGlobalSection
EndGlobal
